
Microsoft Visual Studio Solution File, Format Version 12.00
# Visual Studio 15
VisualStudioVersion = 15.0.28307.136
MinimumVisualStudioVersion = 10.0.40219.1
Project("{FAE04EC0-301F-11D3-BF4B-00C04F79EFBC}") = "React", "React\React.csproj", "{2876D306-9E3C-457E-85F5-077517A89856}"
EndProject
Global
	GlobalSection(SolutionConfigurationPlatforms) = preSolution
		Debug|Any CPU = Debug|Any CPU
		Release|Any CPU = Release|Any CPU
	EndGlobalSection
	GlobalSection(ProjectConfigurationPlatforms) = postSolution
		{2876D306-9E3C-457E-85F5-077517A89856}.Debug|Any CPU.ActiveCfg = Debug|Any CPU
		{2876D306-9E3C-457E-85F5-077517A89856}.Debug|Any CPU.Build.0 = Debug|Any CPU
		{2876D306-9E3C-457E-85F5-077517A89856}.Release|Any CPU.ActiveCfg = Release|Any CPU
		{2876D306-9E3C-457E-85F5-077517A89856}.Release|Any CPU.Build.0 = Release|Any CPU
	EndGlobalSection
	GlobalSection(SolutionProperties) = preSolution
		HideSolutionNode = FALSE
	EndGlobalSection
	GlobalSection(ExtensibilityGlobals) = postSolution
		SolutionGuid = {45819E24-E1EF-4610-8D58-CF385740EE2F}
	EndGlobalSection
EndGlobal
